
Microsoft Visual Studio Solution File, Format Version 12.00
# Visual Studio Version 16
VisualStudioVersion = 16.0.31911.196
MinimumVisualStudioVersion = 10.0.40219.1
Project("{FAE04EC0-301F-11D3-BF4B-00C04F79EFBC}") = "DList", "DList\DList.csproj", "{D257515F-B437-46EC-BD88-29CD3E7FDC95}"
EndProject
Global
	GlobalSection(SolutionConfigurationPlatforms) = preSolution
		Debug|Any CPU = Debug|Any CPU
		Release|Any CPU = Release|Any CPU
	EndGlobalSection
	GlobalSection(ProjectConfigurationPlatforms) = postSolution
		{D257515F-B437-46EC-BD88-29CD3E7FDC95}.Debug|Any CPU.ActiveCfg = Debug|Any CPU
		{D257515F-B437-46EC-BD88-29CD3E7FDC95}.Debug|Any CPU.Build.0 = Debug|Any CPU
		{D257515F-B437-46EC-BD88-29CD3E7FDC95}.Release|Any CPU.ActiveCfg = Release|Any CPU
		{D257515F-B437-46EC-BD88-29CD3E7FDC95}.Release|Any CPU.Build.0 = Release|Any CPU
	EndGlobalSection
	GlobalSection(SolutionProperties) = preSolution
		HideSolutionNode = FALSE
	EndGlobalSection
	GlobalSection(ExtensibilityGlobals) = postSolution
		SolutionGuid = {6D029B7F-2EA8-4EDC-8A49-054C070D3469}
	EndGlobalSection
EndGlobal
